
Microsoft Visual Studio Solution File, Format Version 12.00
# Visual Studio Version 17
VisualStudioVersion = 17.8.34322.80
MinimumVisualStudioVersion = 10.0.40219.1
Project("{9A19103F-16F7-4668-BE54-9A1E7A4F7556}") = "Day1", "Day1\Day1.csproj", "{B7D0BFD6-2513-46CE-81E6-FD0970801C09}"
EndProject
Project("{9A19103F-16F7-4668-BE54-9A1E7A4F7556}") = "Day1Point5", "Day1Point5\Day1Point5.csproj", "{63C14470-2074-4A66-874D-61E4817CBF0B}"
EndProject
Project("{9A19103F-16F7-4668-BE54-9A1E7A4F7556}") = "UnitTests", "Day1Tests\UnitTests.csproj", "{024B4EB8-D605-4B9B-9351-ADC0F0EC8466}"
	ProjectSection(ProjectDependencies) = postProject
		{E3D12F9A-3AEE-40AF-AF94-0FC522194333} = {E3D12F9A-3AEE-40AF-AF94-0FC522194333}
	EndProjectSection
EndProject
Project("{9A19103F-16F7-4668-BE54-9A1E7A4F7556}") = "Day2", "Day2\Day2.csproj", "{6291C1C1-1DBC-411B-8B00-E6B2574373EC}"
EndProject
Project("{9A19103F-16F7-4668-BE54-9A1E7A4F7556}") = "Day3", "Day3\Day3.csproj", "{77CF19BE-91FF-4E77-BD86-00205033EB85}"
EndProject
Project("{9A19103F-16F7-4668-BE54-9A1E7A4F7556}") = "Day4", "Day4\Day4.csproj", "{A8020B31-A651-4307-BCC9-1CD6D51529A9}"
EndProject
Project("{9A19103F-16F7-4668-BE54-9A1E7A4F7556}") = "Day5", "Day5\Day5.csproj", "{A83089CA-A61A-423C-A02B-1D8E6F8152CF}"
EndProject
Project("{9A19103F-16F7-4668-BE54-9A1E7A4F7556}") = "Day6", "Day6\Day6.csproj", "{E3D12F9A-3AEE-40AF-AF94-0FC522194333}"
EndProject
Project("{FAE04EC0-301F-11D3-BF4B-00C04F79EFBC}") = "Day7", "Day7\Day7.csproj", "{323F98FF-D47D-46CF-B44E-F47831CDE630}"
EndProject
Global
	GlobalSection(SolutionConfigurationPlatforms) = preSolution
		Debug|Any CPU = Debug|Any CPU
		Release|Any CPU = Release|Any CPU
	EndGlobalSection
	GlobalSection(ProjectConfigurationPlatforms) = postSolution
		{B7D0BFD6-2513-46CE-81E6-FD0970801C09}.Debug|Any CPU.ActiveCfg = Debug|Any CPU
		{B7D0BFD6-2513-46CE-81E6-FD0970801C09}.Debug|Any CPU.Build.0 = Debug|Any CPU
		{B7D0BFD6-2513-46CE-81E6-FD0970801C09}.Release|Any CPU.ActiveCfg = Release|Any CPU
		{B7D0BFD6-2513-46CE-81E6-FD0970801C09}.Release|Any CPU.Build.0 = Release|Any CPU
		{63C14470-2074-4A66-874D-61E4817CBF0B}.Debug|Any CPU.ActiveCfg = Debug|Any CPU
		{63C14470-2074-4A66-874D-61E4817CBF0B}.Debug|Any CPU.Build.0 = Debug|Any CPU
		{63C14470-2074-4A66-874D-61E4817CBF0B}.Release|Any CPU.ActiveCfg = Release|Any CPU
		{63C14470-2074-4A66-874D-61E4817CBF0B}.Release|Any CPU.Build.0 = Release|Any CPU
		{024B4EB8-D605-4B9B-9351-ADC0F0EC8466}.Debug|Any CPU.ActiveCfg = Debug|Any CPU
		{024B4EB8-D605-4B9B-9351-ADC0F0EC8466}.Debug|Any CPU.Build.0 = Debug|Any CPU
		{024B4EB8-D605-4B9B-9351-ADC0F0EC8466}.Release|Any CPU.ActiveCfg = Release|Any CPU
		{024B4EB8-D605-4B9B-9351-ADC0F0EC8466}.Release|Any CPU.Build.0 = Release|Any CPU
		{6291C1C1-1DBC-411B-8B00-E6B2574373EC}.Debug|Any CPU.ActiveCfg = Debug|Any CPU
		{6291C1C1-1DBC-411B-8B00-E6B2574373EC}.Debug|Any CPU.Build.0 = Debug|Any CPU
		{6291C1C1-1DBC-411B-8B00-E6B2574373EC}.Release|Any CPU.ActiveCfg = Release|Any CPU
		{6291C1C1-1DBC-411B-8B00-E6B2574373EC}.Release|Any CPU.Build.0 = Release|Any CPU
		{77CF19BE-91FF-4E77-BD86-00205033EB85}.Debug|Any CPU.ActiveCfg = Debug|Any CPU
		{77CF19BE-91FF-4E77-BD86-00205033EB85}.Debug|Any CPU.Build.0 = Debug|Any CPU
		{77CF19BE-91FF-4E77-BD86-00205033EB85}.Release|Any CPU.ActiveCfg = Release|Any CPU
		{77CF19BE-91FF-4E77-BD86-00205033EB85}.Release|Any CPU.Build.0 = Release|Any CPU
		{A8020B31-A651-4307-BCC9-1CD6D51529A9}.Debug|Any CPU.ActiveCfg = Debug|Any CPU
		{A8020B31-A651-4307-BCC9-1CD6D51529A9}.Debug|Any CPU.Build.0 = Debug|Any CPU
		{A8020B31-A651-4307-BCC9-1CD6D51529A9}.Release|Any CPU.ActiveCfg = Release|Any CPU
		{A8020B31-A651-4307-BCC9-1CD6D51529A9}.Release|Any CPU.Build.0 = Release|Any CPU
		{A83089CA-A61A-423C-A02B-1D8E6F8152CF}.Debug|Any CPU.ActiveCfg = Debug|Any CPU
		{A83089CA-A61A-423C-A02B-1D8E6F8152CF}.Debug|Any CPU.Build.0 = Debug|Any CPU
		{A83089CA-A61A-423C-A02B-1D8E6F8152CF}.Release|Any CPU.ActiveCfg = Release|Any CPU
		{A83089CA-A61A-423C-A02B-1D8E6F8152CF}.Release|Any CPU.Build.0 = Release|Any CPU
		{E3D12F9A-3AEE-40AF-AF94-0FC522194333}.Debug|Any CPU.ActiveCfg = Debug|Any CPU
		{E3D12F9A-3AEE-40AF-AF94-0FC522194333}.Debug|Any CPU.Build.0 = Debug|Any CPU
		{E3D12F9A-3AEE-40AF-AF94-0FC522194333}.Release|Any CPU.ActiveCfg = Release|Any CPU
		{E3D12F9A-3AEE-40AF-AF94-0FC522194333}.Release|Any CPU.Build.0 = Release|Any CPU
		{323F98FF-D47D-46CF-B44E-F47831CDE630}.Debug|Any CPU.ActiveCfg = Debug|Any CPU
		{323F98FF-D47D-46CF-B44E-F47831CDE630}.Debug|Any CPU.Build.0 = Debug|Any CPU
		{323F98FF-D47D-46CF-B44E-F47831CDE630}.Release|Any CPU.ActiveCfg = Release|Any CPU
		{323F98FF-D47D-46CF-B44E-F47831CDE630}.Release|Any CPU.Build.0 = Release|Any CPU
	EndGlobalSection
	GlobalSection(SolutionProperties) = preSolution
		HideSolutionNode = FALSE
	EndGlobalSection
	GlobalSection(ExtensibilityGlobals) = postSolution
		SolutionGuid = {C36E4876-EFB0-41FE-A8B9-6E5131197F9D}
	EndGlobalSection
EndGlobal
