
Microsoft Visual Studio Solution File, Format Version 12.00
# Visual Studio Version 17
VisualStudioVersion = 17.8.34322.80
MinimumVisualStudioVersion = 10.0.40219.1
Project("{9A19103F-16F7-4668-BE54-9A1E7A4F7556}") = "Day1", "Day1\Day1.csproj", "{B7D0BFD6-2513-46CE-81E6-FD0970801C09}"
EndProject
Project("{9A19103F-16F7-4668-BE54-9A1E7A4F7556}") = "Day1Point5", "Day1Point5\Day1Point5.csproj", "{63C14470-2074-4A66-874D-61E4817CBF0B}"
EndProject
Project("{9A19103F-16F7-4668-BE54-9A1E7A4F7556}") = "UnitTests", "Day1Tests\UnitTests.csproj", "{024B4EB8-D605-4B9B-9351-ADC0F0EC8466}"
	ProjectSection(ProjectDependencies) = postProject
		{E3D12F9A-3AEE-40AF-AF94-0FC522194333} = {E3D12F9A-3AEE-40AF-AF94-0FC522194333}
	EndProjectSection
EndProject
Project("{9A19103F-16F7-4668-BE54-9A1E7A4F7556}") = "Day2", "Day2\Day2.csproj", "{6291C1C1-1DBC-411B-8B00-E6B2574373EC}"
EndProject
Project("{9A19103F-16F7-4668-BE54-9A1E7A4F7556}") = "Day3", "Day3\Day3.csproj", "{77CF19BE-91FF-4E77-BD86-00205033EB85}"
EndProject
Project("{9A19103F-16F7-4668-BE54-9A1E7A4F7556}") = "Day4", "Day4\Day4.csproj", "{A8020B31-A651-4307-BCC9-1CD6D51529A9}"
EndProject
Project("{9A19103F-16F7-4668-BE54-9A1E7A4F7556}") = "Day5", "Day5\Day5.csproj", "{A83089CA-A61A-423C-A02B-1D8E6F8152CF}"
EndProject
Project("{9A19103F-16F7-4668-BE54-9A1E7A4F7556}") = "Day6", "Day6\Day6.csproj", "{E3D12F9A-3AEE-40AF-AF94-0FC522194333}"
EndProject
Project("{9A19103F-16F7-4668-BE54-9A1E7A4F7556}") = "Day7", "Day7\Day7.csproj", "{323F98FF-D47D-46CF-B44E-F47831CDE630}"
EndProject
Project("{9A19103F-16F7-4668-BE54-9A1E7A4F7556}") = "Day08", "Day08\Day08.csproj", "{7FAAA2A0-252B-4C16-89A1-513A41A805B0}"
EndProject
Project("{9A19103F-16F7-4668-BE54-9A1E7A4F7556}") = "Day09", "Day09\Day09.csproj", "{4CABBED3-DFE5-4733-A3FD-ABB68E616828}"
EndProject
Project("{9A19103F-16F7-4668-BE54-9A1E7A4F7556}") = "Day10", "Day10\Day10.csproj", "{F0C52D86-E770-4DA7-9CC0-DD15E9DEFC96}"
EndProject
Project("{9A19103F-16F7-4668-BE54-9A1E7A4F7556}") = "Day11", "Day11\Day11.csproj", "{CD9FEA04-8FBE-463E-A16B-D7A1C4719C08}"
EndProject
Project("{9A19103F-16F7-4668-BE54-9A1E7A4F7556}") = "Day12", "Day12\Day12.csproj", "{11D9C9EE-90C5-4B86-ACCA-426FE9C1B1CB}"
EndProject
Project("{9A19103F-16F7-4668-BE54-9A1E7A4F7556}") = "Day13", "Day13\Day13.csproj", "{C2B658E4-C849-4B10-8846-FD5CBC1D2554}"
EndProject
Project("{9A19103F-16F7-4668-BE54-9A1E7A4F7556}") = "Day14", "Day14\Day14.csproj", "{5456EE10-03FD-4820-8FEC-1BD7397A3352}"
EndProject
Project("{9A19103F-16F7-4668-BE54-9A1E7A4F7556}") = "Day15", "Day15\Day15.csproj", "{1783E69F-8A41-4CD6-9DBE-EBDD09A8DC13}"
EndProject
Project("{9A19103F-16F7-4668-BE54-9A1E7A4F7556}") = "Day16", "Day16\Day16.csproj", "{65A20604-A91D-49C6-B9E4-56C47C7676D3}"
EndProject
Project("{9A19103F-16F7-4668-BE54-9A1E7A4F7556}") = "Day17", "Day17\Day17.csproj", "{F03BCD37-2B54-47B8-86B8-60D07BEC7961}"
EndProject
Project("{9A19103F-16F7-4668-BE54-9A1E7A4F7556}") = "Day18", "Day18\Day18.csproj", "{CC75A955-7A6B-4A55-BA42-5DE214E6655D}"
EndProject
Project("{9A19103F-16F7-4668-BE54-9A1E7A4F7556}") = "Day19", "Day19\Day19.csproj", "{4FA450F7-8A1E-4E41-A2B7-D792ACA59335}"
EndProject
Project("{FAE04EC0-301F-11D3-BF4B-00C04F79EFBC}") = "Day20", "Day20\Day20.csproj", "{E5252D24-F0F9-4664-A3AA-D6C34C220A25}"
EndProject
Global
	GlobalSection(SolutionConfigurationPlatforms) = preSolution
		Debug|Any CPU = Debug|Any CPU
		Release|Any CPU = Release|Any CPU
	EndGlobalSection
	GlobalSection(ProjectConfigurationPlatforms) = postSolution
		{B7D0BFD6-2513-46CE-81E6-FD0970801C09}.Debug|Any CPU.ActiveCfg = Debug|Any CPU
		{B7D0BFD6-2513-46CE-81E6-FD0970801C09}.Debug|Any CPU.Build.0 = Debug|Any CPU
		{B7D0BFD6-2513-46CE-81E6-FD0970801C09}.Release|Any CPU.ActiveCfg = Release|Any CPU
		{B7D0BFD6-2513-46CE-81E6-FD0970801C09}.Release|Any CPU.Build.0 = Release|Any CPU
		{63C14470-2074-4A66-874D-61E4817CBF0B}.Debug|Any CPU.ActiveCfg = Debug|Any CPU
		{63C14470-2074-4A66-874D-61E4817CBF0B}.Debug|Any CPU.Build.0 = Debug|Any CPU
		{63C14470-2074-4A66-874D-61E4817CBF0B}.Release|Any CPU.ActiveCfg = Release|Any CPU
		{63C14470-2074-4A66-874D-61E4817CBF0B}.Release|Any CPU.Build.0 = Release|Any CPU
		{024B4EB8-D605-4B9B-9351-ADC0F0EC8466}.Debug|Any CPU.ActiveCfg = Debug|Any CPU
		{024B4EB8-D605-4B9B-9351-ADC0F0EC8466}.Debug|Any CPU.Build.0 = Debug|Any CPU
		{024B4EB8-D605-4B9B-9351-ADC0F0EC8466}.Release|Any CPU.ActiveCfg = Release|Any CPU
		{024B4EB8-D605-4B9B-9351-ADC0F0EC8466}.Release|Any CPU.Build.0 = Release|Any CPU
		{6291C1C1-1DBC-411B-8B00-E6B2574373EC}.Debug|Any CPU.ActiveCfg = Debug|Any CPU
		{6291C1C1-1DBC-411B-8B00-E6B2574373EC}.Debug|Any CPU.Build.0 = Debug|Any CPU
		{6291C1C1-1DBC-411B-8B00-E6B2574373EC}.Release|Any CPU.ActiveCfg = Release|Any CPU
		{6291C1C1-1DBC-411B-8B00-E6B2574373EC}.Release|Any CPU.Build.0 = Release|Any CPU
		{77CF19BE-91FF-4E77-BD86-00205033EB85}.Debug|Any CPU.ActiveCfg = Debug|Any CPU
		{77CF19BE-91FF-4E77-BD86-00205033EB85}.Debug|Any CPU.Build.0 = Debug|Any CPU
		{77CF19BE-91FF-4E77-BD86-00205033EB85}.Release|Any CPU.ActiveCfg = Release|Any CPU
		{77CF19BE-91FF-4E77-BD86-00205033EB85}.Release|Any CPU.Build.0 = Release|Any CPU
		{A8020B31-A651-4307-BCC9-1CD6D51529A9}.Debug|Any CPU.ActiveCfg = Debug|Any CPU
		{A8020B31-A651-4307-BCC9-1CD6D51529A9}.Debug|Any CPU.Build.0 = Debug|Any CPU
		{A8020B31-A651-4307-BCC9-1CD6D51529A9}.Release|Any CPU.ActiveCfg = Release|Any CPU
		{A8020B31-A651-4307-BCC9-1CD6D51529A9}.Release|Any CPU.Build.0 = Release|Any CPU
		{A83089CA-A61A-423C-A02B-1D8E6F8152CF}.Debug|Any CPU.ActiveCfg = Debug|Any CPU
		{A83089CA-A61A-423C-A02B-1D8E6F8152CF}.Debug|Any CPU.Build.0 = Debug|Any CPU
		{A83089CA-A61A-423C-A02B-1D8E6F8152CF}.Release|Any CPU.ActiveCfg = Release|Any CPU
		{A83089CA-A61A-423C-A02B-1D8E6F8152CF}.Release|Any CPU.Build.0 = Release|Any CPU
		{E3D12F9A-3AEE-40AF-AF94-0FC522194333}.Debug|Any CPU.ActiveCfg = Debug|Any CPU
		{E3D12F9A-3AEE-40AF-AF94-0FC522194333}.Debug|Any CPU.Build.0 = Debug|Any CPU
		{E3D12F9A-3AEE-40AF-AF94-0FC522194333}.Release|Any CPU.ActiveCfg = Release|Any CPU
		{E3D12F9A-3AEE-40AF-AF94-0FC522194333}.Release|Any CPU.Build.0 = Release|Any CPU
		{323F98FF-D47D-46CF-B44E-F47831CDE630}.Debug|Any CPU.ActiveCfg = Debug|Any CPU
		{323F98FF-D47D-46CF-B44E-F47831CDE630}.Debug|Any CPU.Build.0 = Debug|Any CPU
		{323F98FF-D47D-46CF-B44E-F47831CDE630}.Release|Any CPU.ActiveCfg = Release|Any CPU
		{323F98FF-D47D-46CF-B44E-F47831CDE630}.Release|Any CPU.Build.0 = Release|Any CPU
		{7FAAA2A0-252B-4C16-89A1-513A41A805B0}.Debug|Any CPU.ActiveCfg = Debug|Any CPU
		{7FAAA2A0-252B-4C16-89A1-513A41A805B0}.Debug|Any CPU.Build.0 = Debug|Any CPU
		{7FAAA2A0-252B-4C16-89A1-513A41A805B0}.Release|Any CPU.ActiveCfg = Release|Any CPU
		{7FAAA2A0-252B-4C16-89A1-513A41A805B0}.Release|Any CPU.Build.0 = Release|Any CPU
		{4CABBED3-DFE5-4733-A3FD-ABB68E616828}.Debug|Any CPU.ActiveCfg = Debug|Any CPU
		{4CABBED3-DFE5-4733-A3FD-ABB68E616828}.Debug|Any CPU.Build.0 = Debug|Any CPU
		{4CABBED3-DFE5-4733-A3FD-ABB68E616828}.Release|Any CPU.ActiveCfg = Release|Any CPU
		{4CABBED3-DFE5-4733-A3FD-ABB68E616828}.Release|Any CPU.Build.0 = Release|Any CPU
		{F0C52D86-E770-4DA7-9CC0-DD15E9DEFC96}.Debug|Any CPU.ActiveCfg = Debug|Any CPU
		{F0C52D86-E770-4DA7-9CC0-DD15E9DEFC96}.Debug|Any CPU.Build.0 = Debug|Any CPU
		{F0C52D86-E770-4DA7-9CC0-DD15E9DEFC96}.Release|Any CPU.ActiveCfg = Release|Any CPU
		{F0C52D86-E770-4DA7-9CC0-DD15E9DEFC96}.Release|Any CPU.Build.0 = Release|Any CPU
		{CD9FEA04-8FBE-463E-A16B-D7A1C4719C08}.Debug|Any CPU.ActiveCfg = Debug|Any CPU
		{CD9FEA04-8FBE-463E-A16B-D7A1C4719C08}.Debug|Any CPU.Build.0 = Debug|Any CPU
		{CD9FEA04-8FBE-463E-A16B-D7A1C4719C08}.Release|Any CPU.ActiveCfg = Release|Any CPU
		{CD9FEA04-8FBE-463E-A16B-D7A1C4719C08}.Release|Any CPU.Build.0 = Release|Any CPU
		{11D9C9EE-90C5-4B86-ACCA-426FE9C1B1CB}.Debug|Any CPU.ActiveCfg = Debug|Any CPU
		{11D9C9EE-90C5-4B86-ACCA-426FE9C1B1CB}.Debug|Any CPU.Build.0 = Debug|Any CPU
		{11D9C9EE-90C5-4B86-ACCA-426FE9C1B1CB}.Release|Any CPU.ActiveCfg = Release|Any CPU
		{11D9C9EE-90C5-4B86-ACCA-426FE9C1B1CB}.Release|Any CPU.Build.0 = Release|Any CPU
		{C2B658E4-C849-4B10-8846-FD5CBC1D2554}.Debug|Any CPU.ActiveCfg = Debug|Any CPU
		{C2B658E4-C849-4B10-8846-FD5CBC1D2554}.Debug|Any CPU.Build.0 = Debug|Any CPU
		{C2B658E4-C849-4B10-8846-FD5CBC1D2554}.Release|Any CPU.ActiveCfg = Release|Any CPU
		{C2B658E4-C849-4B10-8846-FD5CBC1D2554}.Release|Any CPU.Build.0 = Release|Any CPU
		{5456EE10-03FD-4820-8FEC-1BD7397A3352}.Debug|Any CPU.ActiveCfg = Debug|Any CPU
		{5456EE10-03FD-4820-8FEC-1BD7397A3352}.Debug|Any CPU.Build.0 = Debug|Any CPU
		{5456EE10-03FD-4820-8FEC-1BD7397A3352}.Release|Any CPU.ActiveCfg = Release|Any CPU
		{5456EE10-03FD-4820-8FEC-1BD7397A3352}.Release|Any CPU.Build.0 = Release|Any CPU
		{1783E69F-8A41-4CD6-9DBE-EBDD09A8DC13}.Debug|Any CPU.ActiveCfg = Debug|Any CPU
		{1783E69F-8A41-4CD6-9DBE-EBDD09A8DC13}.Debug|Any CPU.Build.0 = Debug|Any CPU
		{1783E69F-8A41-4CD6-9DBE-EBDD09A8DC13}.Release|Any CPU.ActiveCfg = Release|Any CPU
		{1783E69F-8A41-4CD6-9DBE-EBDD09A8DC13}.Release|Any CPU.Build.0 = Release|Any CPU
		{65A20604-A91D-49C6-B9E4-56C47C7676D3}.Debug|Any CPU.ActiveCfg = Debug|Any CPU
		{65A20604-A91D-49C6-B9E4-56C47C7676D3}.Debug|Any CPU.Build.0 = Debug|Any CPU
		{65A20604-A91D-49C6-B9E4-56C47C7676D3}.Release|Any CPU.ActiveCfg = Release|Any CPU
		{65A20604-A91D-49C6-B9E4-56C47C7676D3}.Release|Any CPU.Build.0 = Release|Any CPU
		{F03BCD37-2B54-47B8-86B8-60D07BEC7961}.Debug|Any CPU.ActiveCfg = Debug|Any CPU
		{F03BCD37-2B54-47B8-86B8-60D07BEC7961}.Debug|Any CPU.Build.0 = Debug|Any CPU
		{F03BCD37-2B54-47B8-86B8-60D07BEC7961}.Release|Any CPU.ActiveCfg = Release|Any CPU
		{F03BCD37-2B54-47B8-86B8-60D07BEC7961}.Release|Any CPU.Build.0 = Release|Any CPU
		{CC75A955-7A6B-4A55-BA42-5DE214E6655D}.Debug|Any CPU.ActiveCfg = Debug|Any CPU
		{CC75A955-7A6B-4A55-BA42-5DE214E6655D}.Debug|Any CPU.Build.0 = Debug|Any CPU
		{CC75A955-7A6B-4A55-BA42-5DE214E6655D}.Release|Any CPU.ActiveCfg = Release|Any CPU
		{CC75A955-7A6B-4A55-BA42-5DE214E6655D}.Release|Any CPU.Build.0 = Release|Any CPU
		{4FA450F7-8A1E-4E41-A2B7-D792ACA59335}.Debug|Any CPU.ActiveCfg = Debug|Any CPU
		{4FA450F7-8A1E-4E41-A2B7-D792ACA59335}.Debug|Any CPU.Build.0 = Debug|Any CPU
		{4FA450F7-8A1E-4E41-A2B7-D792ACA59335}.Release|Any CPU.ActiveCfg = Release|Any CPU
		{4FA450F7-8A1E-4E41-A2B7-D792ACA59335}.Release|Any CPU.Build.0 = Release|Any CPU
		{E5252D24-F0F9-4664-A3AA-D6C34C220A25}.Debug|Any CPU.ActiveCfg = Debug|Any CPU
		{E5252D24-F0F9-4664-A3AA-D6C34C220A25}.Debug|Any CPU.Build.0 = Debug|Any CPU
		{E5252D24-F0F9-4664-A3AA-D6C34C220A25}.Release|Any CPU.ActiveCfg = Release|Any CPU
		{E5252D24-F0F9-4664-A3AA-D6C34C220A25}.Release|Any CPU.Build.0 = Release|Any CPU
	EndGlobalSection
	GlobalSection(SolutionProperties) = preSolution
		HideSolutionNode = FALSE
	EndGlobalSection
	GlobalSection(ExtensibilityGlobals) = postSolution
		SolutionGuid = {C36E4876-EFB0-41FE-A8B9-6E5131197F9D}
	EndGlobalSection
EndGlobal
